
Microsoft Visual Studio Solution File, Format Version 12.00
# Visual Studio Version 17
VisualStudioVersion = 17.14.37411.7 d17.14
MinimumVisualStudioVersion = 10.0.40219.1
Project("{FAE04EC0-301F-11D3-BF4B-00C04F79EFBC}") = "BalBalMedya", "BalBalMedya\BalBalMedya.csproj", "{2BF04FAD-354F-4E46-BBCD-A84464D19121}"
EndProject
Global
	GlobalSection(SolutionConfigurationPlatforms) = preSolution
		Debug|Any CPU = Debug|Any CPU
		Release|Any CPU = Release|Any CPU
	EndGlobalSection
	GlobalSection(ProjectConfigurationPlatforms) = postSolution
		{2BF04FAD-354F-4E46-BBCD-A84464D19121}.Debug|Any CPU.ActiveCfg = Debug|Any CPU
		{2BF04FAD-354F-4E46-BBCD-A84464D19121}.Debug|Any CPU.Build.0 = Debug|Any CPU
		{2BF04FAD-354F-4E46-BBCD-A84464D19121}.Release|Any CPU.ActiveCfg = Release|Any CPU
		{2BF04FAD-354F-4E46-BBCD-A84464D19121}.Release|Any CPU.Build.0 = Release|Any CPU
	EndGlobalSection
	GlobalSection(SolutionProperties) = preSolution
		HideSolutionNode = FALSE
	EndGlobalSection
	GlobalSection(ExtensibilityGlobals) = postSolution
		SolutionGuid = {15B07799-29D0-44E4-BCA7-53DC6143468C}
	EndGlobalSection
EndGlobal
